
Microsoft Visual Studio Solution File, Format Version 12.00
# Visual Studio Version 17
VisualStudioVersion = 17.1.32210.238
MinimumVisualStudioVersion = 10.0.40219.1
Project("{FAE04EC0-301F-11D3-BF4B-00C04F79EFBC}") = "Account", "Account\Account.csproj", "{380CF19C-843C-4F23-BF26-766E944D0B75}"
EndProject
Global
	GlobalSection(SolutionConfigurationPlatforms) = preSolution
		Debug|Any CPU = Debug|Any CPU
		Release|Any CPU = Release|Any CPU
	EndGlobalSection
	GlobalSection(ProjectConfigurationPlatforms) = postSolution
		{380CF19C-843C-4F23-BF26-766E944D0B75}.Debug|Any CPU.ActiveCfg = Debug|Any CPU
		{380CF19C-843C-4F23-BF26-766E944D0B75}.Debug|Any CPU.Build.0 = Debug|Any CPU
		{380CF19C-843C-4F23-BF26-766E944D0B75}.Release|Any CPU.ActiveCfg = Release|Any CPU
		{380CF19C-843C-4F23-BF26-766E944D0B75}.Release|Any CPU.Build.0 = Release|Any CPU
	EndGlobalSection
	GlobalSection(SolutionProperties) = preSolution
		HideSolutionNode = FALSE
	EndGlobalSection
	GlobalSection(ExtensibilityGlobals) = postSolution
		SolutionGuid = {C3412D1C-A7CB-4276-B630-C57670726399}
	EndGlobalSection
EndGlobal
